
Microsoft Visual Studio Solution File, Format Version 12.00
# Visual Studio 14
VisualStudioVersion = 14.0.25420.1
MinimumVisualStudioVersion = 10.0.40219.1
Project("{FAE04EC0-301F-11D3-BF4B-00C04F79EFBC}") = "CrossTimeDsp", "CrossTimeDsp\CrossTimeDsp.csproj", "{2ACACAAF-DE8F-4637-AD15-A59EDE5EA107}"
EndProject
Project("{FAE04EC0-301F-11D3-BF4B-00C04F79EFBC}") = "UnitTests", "UnitTests\UnitTests.csproj", "{1C7DC7A2-ADCB-46F8-AF31-F2569B9F769F}"
EndProject
Project("{2150E333-8FDC-42A3-9474-1A3956D46DE8}") = "Solution Items", "Solution Items", "{96AE086E-E31E-47F1-BC86-FFE29D2AADDB}"
	ProjectSection(SolutionItems) = preProject
		.gitignore = .gitignore
		LICENSE.md = LICENSE.md
		README.md = README.md
		test.runsettings = test.runsettings
	EndProjectSection
EndProject
Project("{8BC9CEB8-8B4A-11D0-8D11-00A0C91BC942}") = "Native", "Native\Native.vcxproj", "{5A2F2E10-8DC5-4E80-8FD8-E6C78565F3B9}"
EndProject
Global
	GlobalSection(SolutionConfigurationPlatforms) = preSolution
		Debug|Any CPU = Debug|Any CPU
		Debug|ARM = Debug|ARM
		Debug|x64 = Debug|x64
		Debug|x86 = Debug|x86
		Release|Any CPU = Release|Any CPU
		Release|ARM = Release|ARM
		Release|x64 = Release|x64
		Release|x86 = Release|x86
	EndGlobalSection
	GlobalSection(ProjectConfigurationPlatforms) = postSolution
		{2ACACAAF-DE8F-4637-AD15-A59EDE5EA107}.Debug|Any CPU.ActiveCfg = Debug|Any CPU
		{2ACACAAF-DE8F-4637-AD15-A59EDE5EA107}.Debug|Any CPU.Build.0 = Debug|Any CPU
		{2ACACAAF-DE8F-4637-AD15-A59EDE5EA107}.Debug|ARM.ActiveCfg = Debug|Any CPU
		{2ACACAAF-DE8F-4637-AD15-A59EDE5EA107}.Debug|ARM.Build.0 = Debug|Any CPU
		{2ACACAAF-DE8F-4637-AD15-A59EDE5EA107}.Debug|x64.ActiveCfg = Debug|x64
		{2ACACAAF-DE8F-4637-AD15-A59EDE5EA107}.Debug|x64.Build.0 = Debug|x64
		{2ACACAAF-DE8F-4637-AD15-A59EDE5EA107}.Debug|x86.ActiveCfg = Debug|Any CPU
		{2ACACAAF-DE8F-4637-AD15-A59EDE5EA107}.Debug|x86.Build.0 = Debug|Any CPU
		{2ACACAAF-DE8F-4637-AD15-A59EDE5EA107}.Release|Any CPU.ActiveCfg = Release|Any CPU
		{2ACACAAF-DE8F-4637-AD15-A59EDE5EA107}.Release|Any CPU.Build.0 = Release|Any CPU
		{2ACACAAF-DE8F-4637-AD15-A59EDE5EA107}.Release|ARM.ActiveCfg = Release|Any CPU
		{2ACACAAF-DE8F-4637-AD15-A59EDE5EA107}.Release|ARM.Build.0 = Release|Any CPU
		{2ACACAAF-DE8F-4637-AD15-A59EDE5EA107}.Release|x64.ActiveCfg = Release|x64
		{2ACACAAF-DE8F-4637-AD15-A59EDE5EA107}.Release|x64.Build.0 = Release|x64
		{2ACACAAF-DE8F-4637-AD15-A59EDE5EA107}.Release|x86.ActiveCfg = Release|Any CPU
		{2ACACAAF-DE8F-4637-AD15-A59EDE5EA107}.Release|x86.Build.0 = Release|Any CPU
		{1C7DC7A2-ADCB-46F8-AF31-F2569B9F769F}.Debug|Any CPU.ActiveCfg = Debug|Any CPU
		{1C7DC7A2-ADCB-46F8-AF31-F2569B9F769F}.Debug|Any CPU.Build.0 = Debug|Any CPU
		{1C7DC7A2-ADCB-46F8-AF31-F2569B9F769F}.Debug|ARM.ActiveCfg = Debug|Any CPU
		{1C7DC7A2-ADCB-46F8-AF31-F2569B9F769F}.Debug|ARM.Build.0 = Debug|Any CPU
		{1C7DC7A2-ADCB-46F8-AF31-F2569B9F769F}.Debug|x64.ActiveCfg = Debug|x64
		{1C7DC7A2-ADCB-46F8-AF31-F2569B9F769F}.Debug|x64.Build.0 = Debug|x64
		{1C7DC7A2-ADCB-46F8-AF31-F2569B9F769F}.Debug|x86.ActiveCfg = Debug|Any CPU
		{1C7DC7A2-ADCB-46F8-AF31-F2569B9F769F}.Debug|x86.Build.0 = Debug|Any CPU
		{1C7DC7A2-ADCB-46F8-AF31-F2569B9F769F}.Release|Any CPU.ActiveCfg = Release|Any CPU
		{1C7DC7A2-ADCB-46F8-AF31-F2569B9F769F}.Release|Any CPU.Build.0 = Release|Any CPU
		{1C7DC7A2-ADCB-46F8-AF31-F2569B9F769F}.Release|ARM.ActiveCfg = Release|Any CPU
		{1C7DC7A2-ADCB-46F8-AF31-F2569B9F769F}.Release|ARM.Build.0 = Release|Any CPU
		{1C7DC7A2-ADCB-46F8-AF31-F2569B9F769F}.Release|x64.ActiveCfg = Release|x64
		{1C7DC7A2-ADCB-46F8-AF31-F2569B9F769F}.Release|x64.Build.0 = Release|x64
		{1C7DC7A2-ADCB-46F8-AF31-F2569B9F769F}.Release|x86.ActiveCfg = Release|Any CPU
		{1C7DC7A2-ADCB-46F8-AF31-F2569B9F769F}.Release|x86.Build.0 = Release|Any CPU
		{5A2F2E10-8DC5-4E80-8FD8-E6C78565F3B9}.Debug|Any CPU.ActiveCfg = Debug|x64
		{5A2F2E10-8DC5-4E80-8FD8-E6C78565F3B9}.Debug|Any CPU.Build.0 = Debug|x64
		{5A2F2E10-8DC5-4E80-8FD8-E6C78565F3B9}.Debug|ARM.ActiveCfg = Debug|Win32
		{5A2F2E10-8DC5-4E80-8FD8-E6C78565F3B9}.Debug|x64.ActiveCfg = Debug|x64
		{5A2F2E10-8DC5-4E80-8FD8-E6C78565F3B9}.Debug|x64.Build.0 = Debug|x64
		{5A2F2E10-8DC5-4E80-8FD8-E6C78565F3B9}.Debug|x86.ActiveCfg = Debug|Win32
		{5A2F2E10-8DC5-4E80-8FD8-E6C78565F3B9}.Debug|x86.Build.0 = Debug|Win32
		{5A2F2E10-8DC5-4E80-8FD8-E6C78565F3B9}.Release|Any CPU.ActiveCfg = Release|x64
		{5A2F2E10-8DC5-4E80-8FD8-E6C78565F3B9}.Release|Any CPU.Build.0 = Release|x64
		{5A2F2E10-8DC5-4E80-8FD8-E6C78565F3B9}.Release|ARM.ActiveCfg = Release|Win32
		{5A2F2E10-8DC5-4E80-8FD8-E6C78565F3B9}.Release|x64.ActiveCfg = Release|x64
		{5A2F2E10-8DC5-4E80-8FD8-E6C78565F3B9}.Release|x64.Build.0 = Release|x64
		{5A2F2E10-8DC5-4E80-8FD8-E6C78565F3B9}.Release|x86.ActiveCfg = Release|Win32
		{5A2F2E10-8DC5-4E80-8FD8-E6C78565F3B9}.Release|x86.Build.0 = Release|Win32
	EndGlobalSection
	GlobalSection(SolutionProperties) = preSolution
		HideSolutionNode = FALSE
	EndGlobalSection
EndGlobal
