
Microsoft Visual Studio Solution File, Format Version 12.00
# Visual Studio 14
VisualStudioVersion = 14.0.25420.1
MinimumVisualStudioVersion = 10.0.40219.1
Project("{FAE04EC0-301F-11D3-BF4B-00C04F79EFBC}") = "Managed", "Managed\Managed.csproj", "{2ACACAAF-DE8F-4637-AD15-A59EDE5EA107}"
EndProject
Project("{FAE04EC0-301F-11D3-BF4B-00C04F79EFBC}") = "UnitTests", "UnitTests\UnitTests.csproj", "{1C7DC7A2-ADCB-46F8-AF31-F2569B9F769F}"
EndProject
Project("{2150E333-8FDC-42A3-9474-1A3956D46DE8}") = "Solution Items", "Solution Items", "{96AE086E-E31E-47F1-BC86-FFE29D2AADDB}"
	ProjectSection(SolutionItems) = preProject
		.gitignore = .gitignore
		LICENSE.md = LICENSE.md
		README.md = README.md
		test.runsettings = test.runsettings
	EndProjectSection
EndProject
Project("{FAE04EC0-301F-11D3-BF4B-00C04F79EFBC}") = "UnitTestShellManaged", "UnitTestShellManaged\UnitTestShellManaged.csproj", "{9A92595F-35ED-43C3-80ED-9E19D8CEB091}"
EndProject
Project("{8BC9CEB8-8B4A-11D0-8D11-00A0C91BC942}") = "Interop", "Interop\Interop.vcxproj", "{5A2F2E10-8DC5-4E80-8FD8-E6C78565F3B9}"
	ProjectSection(ProjectDependencies) = postProject
		{B789125B-EC00-4672-8B7E-943D4750C42E} = {B789125B-EC00-4672-8B7E-943D4750C42E}
	EndProjectSection
EndProject
Project("{8BC9CEB8-8B4A-11D0-8D11-00A0C91BC942}") = "Native", "Native\Native.vcxproj", "{B789125B-EC00-4672-8B7E-943D4750C42E}"
EndProject
Project("{8BC9CEB8-8B4A-11D0-8D11-00A0C91BC942}") = "UnitTestShellNative", "UnitTestShellNative\UnitTestShellNative.vcxproj", "{F1B6E37E-3514-4438-A344-A5C7B1212CCE}"
EndProject
Global
	GlobalSection(SolutionConfigurationPlatforms) = preSolution
		Debug|x64 = Debug|x64
		Release|x64 = Release|x64
	EndGlobalSection
	GlobalSection(ProjectConfigurationPlatforms) = postSolution
		{2ACACAAF-DE8F-4637-AD15-A59EDE5EA107}.Debug|x64.ActiveCfg = Debug|x64
		{2ACACAAF-DE8F-4637-AD15-A59EDE5EA107}.Debug|x64.Build.0 = Debug|x64
		{2ACACAAF-DE8F-4637-AD15-A59EDE5EA107}.Release|x64.ActiveCfg = Release|x64
		{2ACACAAF-DE8F-4637-AD15-A59EDE5EA107}.Release|x64.Build.0 = Release|x64
		{1C7DC7A2-ADCB-46F8-AF31-F2569B9F769F}.Debug|x64.ActiveCfg = Debug|x64
		{1C7DC7A2-ADCB-46F8-AF31-F2569B9F769F}.Debug|x64.Build.0 = Debug|x64
		{1C7DC7A2-ADCB-46F8-AF31-F2569B9F769F}.Release|x64.ActiveCfg = Release|x64
		{1C7DC7A2-ADCB-46F8-AF31-F2569B9F769F}.Release|x64.Build.0 = Release|x64
		{9A92595F-35ED-43C3-80ED-9E19D8CEB091}.Debug|x64.ActiveCfg = Debug|x64
		{9A92595F-35ED-43C3-80ED-9E19D8CEB091}.Debug|x64.Build.0 = Debug|x64
		{9A92595F-35ED-43C3-80ED-9E19D8CEB091}.Release|x64.ActiveCfg = Release|x64
		{9A92595F-35ED-43C3-80ED-9E19D8CEB091}.Release|x64.Build.0 = Release|x64
		{5A2F2E10-8DC5-4E80-8FD8-E6C78565F3B9}.Debug|x64.ActiveCfg = Debug|x64
		{5A2F2E10-8DC5-4E80-8FD8-E6C78565F3B9}.Debug|x64.Build.0 = Debug|x64
		{5A2F2E10-8DC5-4E80-8FD8-E6C78565F3B9}.Release|x64.ActiveCfg = Release|x64
		{5A2F2E10-8DC5-4E80-8FD8-E6C78565F3B9}.Release|x64.Build.0 = Release|x64
		{B789125B-EC00-4672-8B7E-943D4750C42E}.Debug|x64.ActiveCfg = Debug|x64
		{B789125B-EC00-4672-8B7E-943D4750C42E}.Debug|x64.Build.0 = Debug|x64
		{B789125B-EC00-4672-8B7E-943D4750C42E}.Release|x64.ActiveCfg = Release|x64
		{B789125B-EC00-4672-8B7E-943D4750C42E}.Release|x64.Build.0 = Release|x64
		{F1B6E37E-3514-4438-A344-A5C7B1212CCE}.Debug|x64.ActiveCfg = Debug|x64
		{F1B6E37E-3514-4438-A344-A5C7B1212CCE}.Debug|x64.Build.0 = Debug|x64
		{F1B6E37E-3514-4438-A344-A5C7B1212CCE}.Release|x64.ActiveCfg = Release|x64
		{F1B6E37E-3514-4438-A344-A5C7B1212CCE}.Release|x64.Build.0 = Release|x64
	EndGlobalSection
	GlobalSection(SolutionProperties) = preSolution
		HideSolutionNode = FALSE
	EndGlobalSection
EndGlobal
